
Microsoft Visual Studio Solution File, Format Version 12.00
# Visual Studio Version 16
VisualStudioVersion = 16.0.29230.47
MinimumVisualStudioVersion = 10.0.40219.1
Project("{FAE04EC0-301F-11D3-BF4B-00C04F79EFBC}") = "AssignmentV2", "AssignmentV2.csproj", "{8B0ACC1E-7291-4E59-A72C-7059D6A7B92E}"
EndProject
Global
	GlobalSection(SolutionConfigurationPlatforms) = preSolution
		Debug|Any CPU = Debug|Any CPU
		Release|Any CPU = Release|Any CPU
	EndGlobalSection
	GlobalSection(ProjectConfigurationPlatforms) = postSolution
		{8B0ACC1E-7291-4E59-A72C-7059D6A7B92E}.Debug|Any CPU.ActiveCfg = Debug|Any CPU
		{8B0ACC1E-7291-4E59-A72C-7059D6A7B92E}.Debug|Any CPU.Build.0 = Debug|Any CPU
		{8B0ACC1E-7291-4E59-A72C-7059D6A7B92E}.Release|Any CPU.ActiveCfg = Release|Any CPU
		{8B0ACC1E-7291-4E59-A72C-7059D6A7B92E}.Release|Any CPU.Build.0 = Release|Any CPU
	EndGlobalSection
	GlobalSection(SolutionProperties) = preSolution
		HideSolutionNode = FALSE
	EndGlobalSection
	GlobalSection(ExtensibilityGlobals) = postSolution
		SolutionGuid = {FCEA52CD-14D5-43A1-98EA-C8D7428387BE}
	EndGlobalSection
EndGlobal
